
Microsoft Visual Studio Solution File, Format Version 12.00
# Visual Studio Version 16
VisualStudioVersion = 16.0.30011.22
MinimumVisualStudioVersion = 10.0.40219.1
Project("{9A19103F-16F7-4668-BE54-9A1E7A4F7556}") = "WorldWrap", "WorldWrap.csproj", "{C4DA7050-0A4B-4F77-86B7-7249063AD345}"
EndProject
Global
	GlobalSection(SolutionConfigurationPlatforms) = preSolution
		Debug|Any CPU = Debug|Any CPU
		Release|Any CPU = Release|Any CPU
	EndGlobalSection
	GlobalSection(ProjectConfigurationPlatforms) = postSolution
		{C4DA7050-0A4B-4F77-86B7-7249063AD345}.Debug|Any CPU.ActiveCfg = Debug|Any CPU
		{C4DA7050-0A4B-4F77-86B7-7249063AD345}.Debug|Any CPU.Build.0 = Debug|Any CPU
		{C4DA7050-0A4B-4F77-86B7-7249063AD345}.Release|Any CPU.ActiveCfg = Release|Any CPU
		{C4DA7050-0A4B-4F77-86B7-7249063AD345}.Release|Any CPU.Build.0 = Release|Any CPU
	EndGlobalSection
	GlobalSection(SolutionProperties) = preSolution
		HideSolutionNode = FALSE
	EndGlobalSection
	GlobalSection(ExtensibilityGlobals) = postSolution
		SolutionGuid = {FD683FED-5D1C-49CD-A48A-EA340CC62258}
	EndGlobalSection
EndGlobal
